
Microsoft Visual Studio Solution File, Format Version 12.00
# Visual Studio Version 16
VisualStudioVersion = 16.0.28729.10
MinimumVisualStudioVersion = 10.0.40219.1
Project("{FAE04EC0-301F-11D3-BF4B-00C04F79EFBC}") = "RmtsBrtsApi", "RmtsBrtsApi\RmtsBrtsApi.csproj", "{EB2D500D-A419-4048-93F0-275E463B862F}"
EndProject
Global
	GlobalSection(SolutionConfigurationPlatforms) = preSolution
		Debug|Any CPU = Debug|Any CPU
		Release|Any CPU = Release|Any CPU
	EndGlobalSection
	GlobalSection(ProjectConfigurationPlatforms) = postSolution
		{EB2D500D-A419-4048-93F0-275E463B862F}.Debug|Any CPU.ActiveCfg = Debug|Any CPU
		{EB2D500D-A419-4048-93F0-275E463B862F}.Debug|Any CPU.Build.0 = Debug|Any CPU
		{EB2D500D-A419-4048-93F0-275E463B862F}.Release|Any CPU.ActiveCfg = Release|Any CPU
		{EB2D500D-A419-4048-93F0-275E463B862F}.Release|Any CPU.Build.0 = Release|Any CPU
	EndGlobalSection
	GlobalSection(SolutionProperties) = preSolution
		HideSolutionNode = FALSE
	EndGlobalSection
	GlobalSection(ExtensibilityGlobals) = postSolution
		SolutionGuid = {21384915-0FAA-4979-A236-54C380AEB88F}
	EndGlobalSection
EndGlobal
